{
  "name": "send-email",
  "version": "1.0.0",
  "lockfileVersion": 1,
  "requires": true,
  "dependencies": {
    "nodemailer": {
      "version": "6.4.5",
      "resolved": "https://registry.npmjs.org/nodemailer/-/nodemailer-6.4.5.tgz",
      "integrity": "sha512-NH7aNVQyZLAvGr2+EOto7znvz+qJ02Cb/xpou98ApUt5tEAUSVUxhvHvgV/8I5dhjKTYqUw0nasoKzLNBJKrDQ=="
    }
  }
}
